
Microsoft Visual Studio Solution File, Format Version 12.00
# Visual Studio Version 17
VisualStudioVersion = 17.4.33122.133
MinimumVisualStudioVersion = 10.0.40219.1
Project("{FAE04EC0-301F-11D3-BF4B-00C04F79EFBC}") = "Networking Website", "Networking Website.csproj", "{5133002F-D893-4744-A629-BE3892940FE6}"
EndProject
Global
	GlobalSection(SolutionConfigurationPlatforms) = preSolution
		Debug|Any CPU = Debug|Any CPU
		Release|Any CPU = Release|Any CPU
	EndGlobalSection
	GlobalSection(ProjectConfigurationPlatforms) = postSolution
		{5133002F-D893-4744-A629-BE3892940FE6}.Debug|Any CPU.ActiveCfg = Debug|Any CPU
		{5133002F-D893-4744-A629-BE3892940FE6}.Debug|Any CPU.Build.0 = Debug|Any CPU
		{5133002F-D893-4744-A629-BE3892940FE6}.Release|Any CPU.ActiveCfg = Release|Any CPU
		{5133002F-D893-4744-A629-BE3892940FE6}.Release|Any CPU.Build.0 = Release|Any CPU
	EndGlobalSection
	GlobalSection(SolutionProperties) = preSolution
		HideSolutionNode = FALSE
	EndGlobalSection
	GlobalSection(ExtensibilityGlobals) = postSolution
		SolutionGuid = {61981394-C585-478D-96B9-9AD280D826AD}
	EndGlobalSection
EndGlobal
